// !$*UTF8*$!
{
	archiveVersion = 1;
	classes = {
	};
	objectVersion = 56;
	objects = {

/* Begin PBXBuildFile section */
		F361F6022B1D9E9A0022A2C8 /* Bunny.swift in Sources */ = {isa = PBXBuildFile; fileRef = F361F6012B1D9E9A0022A2C8 /* Bunny.swift */; };
		F39191E02B1CB3B70041E379 /* AppDelegate.swift in Sources */ = {isa = PBXBuildFile; fileRef = F39191DF2B1CB3B70041E379 /* AppDelegate.swift */; };
		F39191E22B1CB3B70041E379 /* SceneDelegate.swift in Sources */ = {isa = PBXBuildFile; fileRef = F39191E12B1CB3B70041E379 /* SceneDelegate.swift */; };
		F39191E42B1CB3B70041E379 /* ViewController.swift in Sources */ = {isa = PBXBuildFile; fileRef = F39191E32B1CB3B70041E379 /* ViewController.swift */; };
		F39191E72B1CB3B70041E379 /* Main.storyboard in Resources */ = {isa = PBXBuildFile; fileRef = F39191E52B1CB3B70041E379 /* Main.storyboard */; };
		F39191E92B1CB3B80041E379 /* Assets.xcassets in Resources */ = {isa = PBXBuildFile; fileRef = F39191E82B1CB3B80041E379 /* Assets.xcassets */; };
		F39191EC2B1CB3B80041E379 /* LaunchScreen.storyboard in Resources */ = {isa = PBXBuildFile; fileRef = F39191EA2B1CB3B80041E379 /* LaunchScreen.storyboard */; };
		F39191F42B1CDDB00041E379 /* ViewController2.swift in Sources */ = {isa = PBXBuildFile; fileRef = F39191F32B1CDDB00041E379 /* ViewController2.swift */; };
		F39191F62B1D08C50041E379 /* BunnyViewController.swift in Sources */ = {isa = PBXBuildFile; fileRef = F39191F52B1D08C50041E379 /* BunnyViewController.swift */; };
/* End PBXBuildFile section */

/* Begin PBXFileReference section */
		F361F6012B1D9E9A0022A2C8 /* Bunny.swift */ = {isa = PBXFileReference; fileEncoding = 4; lastKnownFileType = sourcecode.swift; path = Bunny.swift; sourceTree = "<group>"; };
		F39191DC2B1CB3B70041E379 /* phw06-3-attString.app */ = {isa = PBXFileReference; explicitFileType = wrapper.application; includeInIndex = 0; path = "phw06-3-attString.app"; sourceTree = BUILT_PRODUCTS_DIR; };
		F39191DF2B1CB3B70041E379 /* AppDelegate.swift */ = {isa = PBXFileReference; lastKnownFileType = sourcecode.swift; path = AppDelegate.swift; sourceTree = "<group>"; };
		F39191E12B1CB3B70041E379 /* SceneDelegate.swift */ = {isa = PBXFileReference; lastKnownFileType = sourcecode.swift; path = SceneDelegate.swift; sourceTree = "<group>"; };
		F39191E32B1CB3B70041E379 /* ViewController.swift */ = {isa = PBXFileReference; lastKnownFileType = sourcecode.swift; path = ViewController.swift; sourceTree = "<group>"; };
		F39191E62B1CB3B70041E379 /* Base */ = {isa = PBXFileReference; lastKnownFileType = file.storyboard; name = Base; path = Base.lproj/Main.storyboard; sourceTree = "<group>"; };
		F39191E82B1CB3B80041E379 /* Assets.xcassets */ = {isa = PBXFileReference; lastKnownFileType = folder.assetcatalog; path = Assets.xcassets; sourceTree = "<group>"; };
		F39191EB2B1CB3B80041E379 /* Base */ = {isa = PBXFileReference; lastKnownFileType = file.storyboard; name = Base; path = Base.lproj/LaunchScreen.storyboard; sourceTree = "<group>"; };
		F39191ED2B1CB3B80041E379 /* Info.plist */ = {isa = PBXFileReference; lastKnownFileType = text.plist.xml; path = Info.plist; sourceTree = "<group>"; };
		F39191F32B1CDDB00041E379 /* ViewController2.swift */ = {isa = PBXFileReference; lastKnownFileType = sourcecode.swift; path = ViewController2.swift; sourceTree = "<group>"; };
		F39191F52B1D08C50041E379 /* BunnyViewController.swift */ = {isa = PBXFileReference; lastKnownFileType = sourcecode.swift; path = BunnyViewController.swift; sourceTree = "<group>"; };
/* End PBXFileReference section */

/* Begin PBXFrameworksBuildPhase section */
		F39191D92B1CB3B70041E379 /* Frameworks */ = {
			isa = PBXFrameworksBuildPhase;
			buildActionMask = 2147483647;
			files = (
			);
			runOnlyForDeploymentPostprocessing = 0;
		};
/* End PBXFrameworksBuildPhase section */

/* Begin PBXGroup section */
		F39191D32B1CB3B70041E379 = {
			isa = PBXGroup;
			children = (
				F39191DE2B1CB3B70041E379 /* phw06-3-attString */,
				F39191DD2B1CB3B70041E379 /* Products */,
			);
			sourceTree = "<group>";
		};
		F39191DD2B1CB3B70041E379 /* Products */ = {
			isa = PBXGroup;
			children = (
				F39191DC2B1CB3B70041E379 /* phw06-3-attString.app */,
			);
			name = Products;
			sourceTree = "<group>";
		};
		F39191DE2B1CB3B70041E379 /* phw06-3-attString */ = {
			isa = PBXGroup;
			children = (
				F39191DF2B1CB3B70041E379 /* AppDelegate.swift */,
				F39191E12B1CB3B70041E379 /* SceneDelegate.swift */,
				F39191E32B1CB3B70041E379 /* ViewController.swift */,
				F39191F32B1CDDB00041E379 /* ViewController2.swift */,
				F39191E52B1CB3B70041E379 /* Main.storyboard */,
				F39191E82B1CB3B80041E379 /* Assets.xcassets */,
				F39191EA2B1CB3B80041E379 /* LaunchScreen.storyboard */,
				F39191ED2B1CB3B80041E379 /* Info.plist */,
				F39191F52B1D08C50041E379 /* BunnyViewController.swift */,
				F361F6012B1D9E9A0022A2C8 /* Bunny.swift */,
			);
			path = "phw06-3-attString";
			sourceTree = "<group>";
		};
/* End PBXGroup section */

/* Begin PBXNativeTarget section */
		F39191DB2B1CB3B70041E379 /* phw06-3-attString */ = {
			isa = PBXNativeTarget;
			buildConfigurationList = F39191F02B1CB3B80041E379 /* Build configuration list for PBXNativeTarget "phw06-3-attString" */;
			buildPhases = (
				F39191D82B1CB3B70041E379 /* Sources */,
				F39191D92B1CB3B70041E379 /* Frameworks */,
				F39191DA2B1CB3B70041E379 /* Resources */,
			);
			buildRules = (
			);
			dependencies = (
			);
			name = "phw06-3-attString";
			productName = "phw06-3-attString";
			productReference = F39191DC2B1CB3B70041E379 /* phw06-3-attString.app */;
			productType = "com.apple.product-type.application";
		};
/* End PBXNativeTarget section */

/* Begin PBXProject section */
		F39191D42B1CB3B70041E379 /* Project object */ = {
			isa = PBXProject;
			attributes = {
				BuildIndependentTargetsInParallel = 1;
				LastSwiftUpdateCheck = 1500;
				LastUpgradeCheck = 1500;
				TargetAttributes = {
					F39191DB2B1CB3B70041E379 = {
						CreatedOnToolsVersion = 15.0;
					};
				};
			};
			buildConfigurationList = F39191D72B1CB3B70041E379 /* Build configuration list for PBXProject "phw06-3-attString" */;
			compatibilityVersion = "Xcode 14.0";
			developmentRegion = en;
			hasScannedForEncodings = 0;
			knownRegions = (
				en,
				Base,
			);
			mainGroup = F39191D32B1CB3B70041E379;
			productRefGroup = F39191DD2B1CB3B70041E379 /* Products */;
			projectDirPath = "";
			projectRoot = "";
			targets = (
				F39191DB2B1CB3B70041E379 /* phw06-3-attString */,
			);
		};
/* End PBXProject section */

/* Begin PBXResourcesBuildPhase section */
		F39191DA2B1CB3B70041E379 /* Resources */ = {
			isa = PBXResourcesBuildPhase;
			buildActionMask = 2147483647;
			files = (
				F39191EC2B1CB3B80041E379 /* LaunchScreen.storyboard in Resources */,
				F39191E92B1CB3B80041E379 /* Assets.xcassets in Resources */,
				F39191E72B1CB3B70041E379 /* Main.storyboard in Resources */,
			);
			runOnlyForDeploymentPostprocessing = 0;
		};
/* End PBXResourcesBuildPhase section */

/* Begin PBXSourcesBuildPhase section */
		F39191D82B1CB3B70041E379 /* Sources */ = {
			isa = PBXSourcesBuildPhase;
			buildActionMask = 2147483647;
			files = (
				F361F6022B1D9E9A0022A2C8 /* Bunny.swift in Sources */,
				F39191F62B1D08C50041E379 /* BunnyViewController.swift in Sources */,
				F39191E42B1CB3B70041E379 /* ViewController.swift in Sources */,
				F39191F42B1CDDB00041E379 /* ViewController2.swift in Sources */,
				F39191E02B1CB3B70041E379 /* AppDelegate.swift in Sources */,
				F39191E22B1CB3B70041E379 /* SceneDelegate.swift in Sources */,
			);
			runOnlyForDeploymentPostprocessing = 0;
		};
/* End PBXSourcesBuildPhase section */

/* Begin PBXVariantGroup section */
		F39191E52B1CB3B70041E379 /* Main.storyboard */ = {
			isa = PBXVariantGroup;
			children = (
				F39191E62B1CB3B70041E379 /* Base */,
			);
			name = Main.storyboard;
			sourceTree = "<group>";
		};
		F39191EA2B1CB3B80041E379 /* LaunchScreen.storyboard */ = {
			isa = PBXVariantGroup;
			children = (
				F39191EB2B1CB3B80041E379 /* Base */,
			);
			name = LaunchScreen.storyboard;
			sourceTree = "<group>";
		};
/* End PBXVariantGroup section */

/* Begin XCBuildConfiguration section */
		F39191EE2B1CB3B80041E379 /* Debug */ = {
			isa = XCBuildConfiguration;
			buildSettings = {
				ALWAYS_SEARCH_USER_PATHS = NO;
				ASSETCATALOG_COMPILER_GENERATE_SWIFT_ASSET_SYMBOL_EXTENSIONS = YES;
				CLANG_ANALYZER_NONNULL = YES;
				CLANG_ANALYZER_NUMBER_OBJECT_CONVERSION = YES_AGGRESSIVE;
				CLANG_CXX_LANGUAGE_STANDARD = "gnu++20";
				CLANG_ENABLE_MODULES = YES;
				CLANG_ENABLE_OBJC_ARC = YES;
				CLANG_ENABLE_OBJC_WEAK = YES;
				CLANG_WARN_BLOCK_CAPTURE_AUTORELEASING = YES;
				CLANG_WARN_BOOL_CONVERSION = YES;
				CLANG_WARN_COMMA = YES;
				CLANG_WARN_CONSTANT_CONVERSION = YES;
				CLANG_WARN_DEPRECATED_OBJC_IMPLEMENTATIONS = YES;
				CLANG_WARN_DIRECT_OBJC_ISA_USAGE = YES_ERROR;
				CLANG_WARN_DOCUMENTATION_COMMENTS = YES;
				CLANG_WARN_EMPTY_BODY = YES;
				CLANG_WARN_ENUM_CONVERSION = YES;
				CLANG_WARN_INFINITE_RECURSION = YES;
				CLANG_WARN_INT_CONVERSION = YES;
				CLANG_WARN_NON_LITERAL_NULL_CONVERSION = YES;
				CLANG_WARN_OBJC_IMPLICIT_RETAIN_SELF = YES;
				CLANG_WARN_OBJC_LITERAL_CONVERSION = YES;
				CLANG_WARN_OBJC_ROOT_CLASS = YES_ERROR;
				CLANG_WARN_QUOTED_INCLUDE_IN_FRAMEWORK_HEADER = YES;
				CLANG_WARN_RANGE_LOOP_ANALYSIS = YES;
				CLANG_WARN_STRICT_PROTOTYPES = YES;
				CLANG_WARN_SUSPICIOUS_MOVE = YES;
				CLANG_WARN_UNGUARDED_AVAILABILITY = YES_AGGRESSIVE;
				CLANG_WARN_UNREACHABLE_CODE = YES;
				CLANG_WARN__DUPLICATE_METHOD_MATCH = YES;
				COPY_PHASE_STRIP = NO;
				DEBUG_INFORMATION_FORMAT = dwarf;
				ENABLE_STRICT_OBJC_MSGSEND = YES;
				ENABLE_TESTABILITY = YES;
				ENABLE_USER_SCRIPT_SANDBOXING = YES;
				GCC_C_LANGUAGE_STANDARD = gnu17;
				GCC_DYNAMIC_NO_PIC = NO;
				GCC_NO_COMMON_BLOCKS = YES;
				GCC_OPTIMIZATION_LEVEL = 0;
				GCC_PREPROCESSOR_DEFINITIONS = (
					"DEBUG=1",
					"$(inherited)",
				);
				GCC_WARN_64_TO_32_BIT_CONVERSION = YES;
				GCC_WARN_ABOUT_RETURN_TYPE = YES_ERROR;
				GCC_WARN_UNDECLARED_SELECTOR = YES;
				GCC_WARN_UNINITIALIZED_AUTOS = YES_AGGRESSIVE;
				GCC_WARN_UNUSED_FUNCTION = YES;
				GCC_WARN_UNUSED_VARIABLE = YES;
				IPHONEOS_DEPLOYMENT_TARGET = 17.0;
				LOCALIZATION_PREFERS_STRING_CATALOGS = YES;
				MTL_ENABLE_DEBUG_INFO = INCLUDE_SOURCE;
				MTL_FAST_MATH = YES;
				ONLY_ACTIVE_ARCH = YES;
				SDKROOT = iphoneos;
				SWIFT_ACTIVE_COMPILATION_CONDITIONS = "DEBUG $(inherited)";
				SWIFT_OPTIMIZATION_LEVEL = "-Onone";
			};
			name = Debug;
		};
		F39191EF2B1CB3B80041E379 /* Release */ = {
			isa = XCBuildConfiguration;
			buildSettings = {
				ALWAYS_SEARCH_USER_PATHS = NO;
				ASSETCATALOG_COMPILER_GENERATE_SWIFT_ASSET_SYMBOL_EXTENSIONS = YES;
				CLANG_ANALYZER_NONNULL = YES;
				CLANG_ANALYZER_NUMBER_OBJECT_CONVERSION = YES_AGGRESSIVE;
				CLANG_CXX_LANGUAGE_STANDARD = "gnu++20";
				CLANG_ENABLE_MODULES = YES;
				CLANG_ENABLE_OBJC_ARC = YES;
				CLANG_ENABLE_OBJC_WEAK = YES;
				CLANG_WARN_BLOCK_CAPTURE_AUTORELEASING = YES;
				CLANG_WARN_BOOL_CONVERSION = YES;
				CLANG_WARN_COMMA = YES;
				CLANG_WARN_CONSTANT_CONVERSION = YES;
				CLANG_WARN_DEPRECATED_OBJC_IMPLEMENTATIONS = YES;
				CLANG_WARN_DIRECT_OBJC_ISA_USAGE = YES_ERROR;
				CLANG_WARN_DOCUMENTATION_COMMENTS = YES;
				CLANG_WARN_EMPTY_BODY = YES;
				CLANG_WARN_ENUM_CONVERSION = YES;
				CLANG_WARN_INFINITE_RECURSION = YES;
				CLANG_WARN_INT_CONVERSION = YES;
				CLANG_WARN_NON_LITERAL_NULL_CONVERSION = YES;
				CLANG_WARN_OBJC_IMPLICIT_RETAIN_SELF = YES;
				CLANG_WARN_OBJC_LITERAL_CONVERSION = YES;
				CLANG_WARN_OBJC_ROOT_CLASS = YES_ERROR;
				CLANG_WARN_QUOTED_INCLUDE_IN_FRAMEWORK_HEADER = YES;
				CLANG_WARN_RANGE_LOOP_ANALYSIS = YES;
				CLANG_WARN_STRICT_PROTOTYPES = YES;
				CLANG_WARN_SUSPICIOUS_MOVE = YES;
				CLANG_WARN_UNGUARDED_AVAILABILITY = YES_AGGRESSIVE;
				CLANG_WARN_UNREACHABLE_CODE = YES;
				CLANG_WARN__DUPLICATE_METHOD_MATCH = YES;
				COPY_PHASE_STRIP = NO;
				DEBUG_INFORMATION_FORMAT = "dwarf-with-dsym";
				ENABLE_NS_ASSERTIONS = NO;
				ENABLE_STRICT_OBJC_MSGSEND = YES;
				ENABLE_USER_SCRIPT_SANDBOXING = YES;
				GCC_C_LANGUAGE_STANDARD = gnu17;
				GCC_NO_COMMON_BLOCKS = YES;
				GCC_WARN_64_TO_32_BIT_CONVERSION = YES;
				GCC_WARN_ABOUT_RETURN_TYPE = YES_ERROR;
				GCC_WARN_UNDECLARED_SELECTOR = YES;
				GCC_WARN_UNINITIALIZED_AUTOS = YES_AGGRESSIVE;
				GCC_WARN_UNUSED_FUNCTION = YES;
				GCC_WARN_UNUSED_VARIABLE = YES;
				IPHONEOS_DEPLOYMENT_TARGET = 17.0;
				LOCALIZATION_PREFERS_STRING_CATALOGS = YES;
				MTL_ENABLE_DEBUG_INFO = NO;
				MTL_FAST_MATH = YES;
				SDKROOT = iphoneos;
				SWIFT_COMPILATION_MODE = wholemodule;
				VALIDATE_PRODUCT = YES;
			};
			name = Release;
		};
		F39191F12B1CB3B80041E379 /* Debug */ = {
			isa = XCBuildConfiguration;
			buildSettings = {
				ASSETCATALOG_COMPILER_APPICON_NAME = AppIcon;
				ASSETCATALOG_COMPILER_GLOBAL_ACCENT_COLOR_NAME = AccentColor;
				CODE_SIGN_STYLE = Automatic;
				CURRENT_PROJECT_VERSION = 1;
				DEVELOPMENT_TEAM = 3266J6665X;
				GENERATE_INFOPLIST_FILE = YES;
				INFOPLIST_FILE = "phw06-3-attString/Info.plist";
				INFOPLIST_KEY_CFBundleDisplayName = "免免愛台灣";
				INFOPLIST_KEY_UIApplicationSupportsIndirectInputEvents = YES;
				INFOPLIST_KEY_UILaunchStoryboardName = LaunchScreen;
				INFOPLIST_KEY_UIMainStoryboardFile = Main;
				INFOPLIST_KEY_UISupportedInterfaceOrientations_iPad = "UIInterfaceOrientationPortrait UIInterfaceOrientationPortraitUpsideDown UIInterfaceOrientationLandscapeLeft UIInterfaceOrientationLandscapeRight";
				INFOPLIST_KEY_UISupportedInterfaceOrientations_iPhone = "UIInterfaceOrientationPortrait UIInterfaceOrientationLandscapeLeft UIInterfaceOrientationLandscapeRight";
				IPHONEOS_DEPLOYMENT_TARGET = 16.6;
				LD_RUNPATH_SEARCH_PATHS = (
					"$(inherited)",
					"@executable_path/Frameworks",
				);
				MARKETING_VERSION = 1.0;
				PRODUCT_BUNDLE_IDENTIFIER = "com.jasonhung.phw06-3-attString";
				PRODUCT_NAME = "$(TARGET_NAME)";
				SWIFT_EMIT_LOC_STRINGS = YES;
				SWIFT_VERSION = 5.0;
				TARGETED_DEVICE_FAMILY = "1,2";
			};
			name = Debug;
		};
		F39191F22B1CB3B80041E379 /* Release */ = {
			isa = XCBuildConfiguration;
			buildSettings = {
				ASSETCATALOG_COMPILER_APPICON_NAME = AppIcon;
				ASSETCATALOG_COMPILER_GLOBAL_ACCENT_COLOR_NAME = AccentColor;
				CODE_SIGN_STYLE = Automatic;
				CURRENT_PROJECT_VERSION = 1;
				DEVELOPMENT_TEAM = 3266J6665X;
				GENERATE_INFOPLIST_FILE = YES;
				INFOPLIST_FILE = "phw06-3-attString/Info.plist";
				INFOPLIST_KEY_CFBundleDisplayName = "免免愛台灣";
				INFOPLIST_KEY_UIApplicationSupportsIndirectInputEvents = YES;
				INFOPLIST_KEY_UILaunchStoryboardName = LaunchScreen;
				INFOPLIST_KEY_UIMainStoryboardFile = Main;
				INFOPLIST_KEY_UISupportedInterfaceOrientations_iPad = "UIInterfaceOrientationPortrait UIInterfaceOrientationPortraitUpsideDown UIInterfaceOrientationLandscapeLeft UIInterfaceOrientationLandscapeRight";
				INFOPLIST_KEY_UISupportedInterfaceOrientations_iPhone = "UIInterfaceOrientationPortrait UIInterfaceOrientationLandscapeLeft UIInterfaceOrientationLandscapeRight";
				IPHONEOS_DEPLOYMENT_TARGET = 16.6;
				LD_RUNPATH_SEARCH_PATHS = (
					"$(inherited)",
					"@executable_path/Frameworks",
				);
				MARKETING_VERSION = 1.0;
				PRODUCT_BUNDLE_IDENTIFIER = "com.jasonhung.phw06-3-attString";
				PRODUCT_NAME = "$(TARGET_NAME)";
				SWIFT_EMIT_LOC_STRINGS = YES;
				SWIFT_VERSION = 5.0;
				TARGETED_DEVICE_FAMILY = "1,2";
			};
			name = Release;
		};
/* End XCBuildConfiguration section */

/* Begin XCConfigurationList section */
		F39191D72B1CB3B70041E379 /* Build configuration list for PBXProject "phw06-3-attString" */ = {
			isa = XCConfigurationList;
			buildConfigurations = (
				F39191EE2B1CB3B80041E379 /* Debug */,
				F39191EF2B1CB3B80041E379 /* Release */,
			);
			defaultConfigurationIsVisible = 0;
			defaultConfigurationName = Release;
		};
		F39191F02B1CB3B80041E379 /* Build configuration list for PBXNativeTarget "phw06-3-attString" */ = {
			isa = XCConfigurationList;
			buildConfigurations = (
				F39191F12B1CB3B80041E379 /* Debug */,
				F39191F22B1CB3B80041E379 /* Release */,
			);
			defaultConfigurationIsVisible = 0;
			defaultConfigurationName = Release;
		};
/* End XCConfigurationList section */
	};
	rootObject = F39191D42B1CB3B70041E379 /* Project object */;
}
